github.com/golang/snappy v0.0.4 h1:yAGX7huGHXlcLOEtBnF4w7FQwA26wojNCwOYAEhLjQM=
github.com/golang/snappy v0.0.4/go.mod h1:/XxbfmMg8lxefKM7IXC3fBNl/7bRcc72aCRzEWrmP2Q=
github.com/google/go-cmp v0.5.5 h1:Khx7svrCpmxxtHBq5j2mp/xVjsi8hQMfNLvJFAlrGgU=
github.com/google/go-cmp v0.5.5/go.mod h1:v8dTdLbMG2kIc/vJvl+f65V22dbkXbowE6jgT/gNBxE=
github.com/monperrus/crawler-user-agents v0.0.0-20241021052531-8cce9afae9c7 h1:NUDzsulteQ+og5uNhmMAQpUUMwfXwpU+d4kGqTiEkyE=
github.com/monperrus/crawler-user-agents v0.0.0-20241021052531-8cce9afae9c7/go.mod h1:GfRyKbsbxSrRxTPYnVi4U/0stQd6BcFCxDy6i6IxQ0M=
github.com/robfig/humanize v0.0.0-20130801072920-4123e5c9f2f9 h1:ox2YYDFeBLtX+ppK/wsDCdIjxiyrb9N+nZUzutCwSkc=
github.com/robfig/humanize v0.0.0-20130801072920-4123e5c9f2f9/go.mod h1:22cALbnMi4X46KeLCD6AD0kHX9bX4MBXvKEEOvrNiKc=
github.com/tyler-smith/go-bip39 v1.1.0 h1:5eUemwrMargf3BSLRRCalXT93Ns6pQJIjYQN2nyfOP8=
github.com/tyler-smith/go-bip39 v1.1.0/go.mod h1:gUYDtqQw1JS3ZJ8UWVcGTGqqr6YIN3CWg+kkNaLt55U=
gitlab.com/NebulousLabs/entropy-mnemonics v0.0.0-20181018051301-7532f67e3500 h1:BUDZfLl/9IRseYl7/GW1DF+11SYCMJ6P4whCBJhtEhQ=
gitlab.com/NebulousLabs/entropy-mnemonics v0.0.0-20181018051301-7532f67e3500/go.mod h1:4koft3fRXTETovKPTeX/Aggj+ajCGWCcuuBBc598Pcs=
gitlab.com/NebulousLabs/fastrand v0.0.0-20181126182046-603482d69e40 h1:dizWJqTWjwyD8KGcMOwgrkqu1JIkofYgKkmDeNE7oAs=
gitlab.com/NebulousLabs/fastrand v0.0.0-20181126182046-603482d69e40/go.mod h1:rOnSnoRyxMI3fe/7KIbVcsHRGxe30OONv8dEgo+vCfA=
gitlab.com/starius/deallocate v0.0.0-20190713141632-605b24537969 h1:WaYm2U1fP/g8AnwUyrjGKG2eqdwCRVQmtTQtP+9ohLg=
gitlab.com/starius/deallocate v0.0.0-20190713141632-605b24537969/go.mod h1:U3X6HNuvctDW2RCdyGFa/dAp+jogkSsMW4WqvSgZl94=
gitlab.com/starius/encrypt-autocert-cache v0.1.2 h1:AAhszNtgMpdJuD3bxEo+J8kAFz9Sn0n4OVmOcPPbgy8=
gitlab.com/starius/encrypt-autocert-cache v0.1.2/go.mod h1:Uc36HOT+Zo/5e0YLwWOCDdlZiEv0u6I7KuHkmrCk8ls=
gitlab.com/starius/fpe v0.0.0-20181110234326-b113c8214a5f h1:NbCWd4SFimAwcMgU6JSh7cgqYqllCl5XJ5GDtSPVes0=
gitlab.com/starius/fpe v0.0.0-20181110234326-b113c8214a5f/go.mod h1:1sLGDUCVA9sXLljAYnUEFEqS9ZOZ0YeSHstHsuEg8Qo=
golang.org/x/crypto v0.0.0-20190308221718-c2843e01d9a2/go.mod h1:djNgcEr1/C05ACkg1iLfiJU5Ep61QUkGW8qpdssI0+w=
golang.org/x/crypto v0.0.0-20200622213623-75b288015ac9/go.mod h1:LzIPMQfyMNhhGPhUkYOs5KpL4U8rLKemX1yGLhDgUto=
golang.org/x/crypto v0.28.0 h1:GBDwsMXVQi34v5CCYUm2jkJvu4cbtru2U4TN2PSyQnw=
golang.org/x/crypto v0.28.0/go.mod h1:rmgy+3RHxRZMyY0jjAJShp2zgEdOqj2AO7U0pYmeQ7U=
golang.org/x/net v0.0.0-20190404232315-eb5bcb51f2a3/go.mod h1:t9HGtf8HONx5eT2rtn7q6eTqICYqUVnKs3thJo3Qplg=
golang.org/x/net v0.30.0 h1:AcW1SDZMkb8IpzCdQUaIq2sP4sZ4zw+55h6ynffypl4=
golang.org/x/net v0.30.0/go.mod h1:2wGyMJ5iFasEhkwi13ChkO/t1ECNC4X4eBKkVFyYFlU=
golang.org/x/sys v0.0.0-20190215142949-d0b11bdaac8a/go.mod h1:STP8DvDyc/dI5b8T5hshtkjS+E42TnysNCUPdjciGhY=
golang.org/x/sys v0.0.0-20190412213103-97732733099d/go.mod h1:h1NjWce9XRLGQEsW7wpKNCjG9DtNlClVuFLEZdDNbEs=
golang.org/x/sys v0.26.0 h1:KHjCJyddX0LoSTb3J+vWpupP9p0oznkqVk/IfjymZbo=
golang.org/x/sys v0.26.0/go.mod h1:/VUhepiaJMQUp4+oa/7Zr1D23ma6VTLIYjOOTFZPUcA=
golang.org/x/term v0.25.0 h1:WtHI/ltw4NvSUig5KARz9h521QvRC8RmF/cuYqifU24=
golang.org/x/term v0.25.0/go.mod h1:RPyXicDX+6vLxogjjRxjgD2TKtmAO6NZBsBRfrOLu7M=
golang.org/x/text v0.3.0/go.mod h1:NqM8EUOU14njkJ3fqMW+pc6Ldnwhi/IjpwHt7yyuwOQ=
golang.org/x/text v0.19.0 h1:kTxAhCbGbxhK0IwgSKiMO5awPoDQ0RpfiVYBfK860YM=
golang.org/x/text v0.19.0/go.mod h1:BuEKDfySbSR4drPmRPG/7iBdf8hvFMuRexcpahXilzY=
golang.org/x/xerrors v0.0.0-20191204190536-9bdfabe68543 h1:E7g+9GITq07hpfrRu66IVDexMakfv52eLZ2CXBWiKr4=
golang.org/x/xerrors v0.0.0-20191204190536-9bdfabe68543/go.mod h1:I/5z698sn9Ka8TeJc9MKroUUfqBBauWjQqLJ2OPfmY0=
google.golang.org/protobuf v1.35.1 h1:m3LfL6/Ca+fqnjnlqQXNpFPABW1UD7mjh8KO2mKFytA=
google.golang.org/protobuf v1.35.1/go.mod h1:9fA7Ob0pmnwhb644+1+CVWFRbNajQ6iRojtC/QF5bRE=
