github.com/alexvec/go-bip39 v1.1.0 h1:NIIGUK5upunOmun1ud6wuLmgGOlyNJisOvaM+zPoWic=
github.com/alexvec/go-bip39 v1.1.0/go.mod h1:krOrXeBrNpaizxUULtpLeQ64bm/+0vPMHk11kXwb9lY=
github.com/golang/snappy v1.0.0 h1:Oy607GVXHs7RtbggtPBnr2RmDArIsAefDwvrdWvRhGs=
github.com/golang/snappy v1.0.0/go.mod h1:/XxbfmMg8lxefKM7IXC3fBNl/7bRcc72aCRzEWrmP2Q=
github.com/google/go-cmp v0.7.0 h1:wk8382ETsv4JYUZwIsn6YpYiWiBsYLSJiTsyBybVuN8=
github.com/google/go-cmp v0.7.0/go.mod h1:pXiqmnSA92OHEEa9HXL2W4E7lf9JzCmGVUdgjX3N/iU=
github.com/monperrus/crawler-user-agents v1.37.0 h1:HobxnmYciYGDjx5rKKTFbcfgKmtuTTFgwCYHwoWTLYs=
github.com/monperrus/crawler-user-agents v1.37.0/go.mod h1:GfRyKbsbxSrRxTPYnVi4U/0stQd6BcFCxDy6i6IxQ0M=
github.com/robfig/humanize v0.0.0-20130801072920-4123e5c9f2f9 h1:ox2YYDFeBLtX+ppK/wsDCdIjxiyrb9N+nZUzutCwSkc=
github.com/robfig/humanize v0.0.0-20130801072920-4123e5c9f2f9/go.mod h1:22cALbnMi4X46KeLCD6AD0kHX9bX4MBXvKEEOvrNiKc=
gitlab.com/NebulousLabs/entropy-mnemonics v0.0.0-20181018051301-7532f67e3500 h1:BUDZfLl/9IRseYl7/GW1DF+11SYCMJ6P4whCBJhtEhQ=
gitlab.com/NebulousLabs/entropy-mnemonics v0.0.0-20181018051301-7532f67e3500/go.mod h1:4koft3fRXTETovKPTeX/Aggj+ajCGWCcuuBBc598Pcs=
gitlab.com/NebulousLabs/fastrand v0.0.0-20181126182046-603482d69e40 h1:dizWJqTWjwyD8KGcMOwgrkqu1JIkofYgKkmDeNE7oAs=
gitlab.com/NebulousLabs/fastrand v0.0.0-20181126182046-603482d69e40/go.mod h1:rOnSnoRyxMI3fe/7KIbVcsHRGxe30OONv8dEgo+vCfA=
gitlab.com/starius/deallocate v0.0.0-20190713141632-605b24537969 h1:WaYm2U1fP/g8AnwUyrjGKG2eqdwCRVQmtTQtP+9ohLg=
gitlab.com/starius/deallocate v0.0.0-20190713141632-605b24537969/go.mod h1:U3X6HNuvctDW2RCdyGFa/dAp+jogkSsMW4WqvSgZl94=
gitlab.com/starius/encrypt-autocert-cache v0.1.2 h1:AAhszNtgMpdJuD3bxEo+J8kAFz9Sn0n4OVmOcPPbgy8=
gitlab.com/starius/encrypt-autocert-cache v0.1.2/go.mod h1:Uc36HOT+Zo/5e0YLwWOCDdlZiEv0u6I7KuHkmrCk8ls=
gitlab.com/starius/fpe v0.0.0-20181110234326-b113c8214a5f h1:NbCWd4SFimAwcMgU6JSh7cgqYqllCl5XJ5GDtSPVes0=
gitlab.com/starius/fpe v0.0.0-20181110234326-b113c8214a5f/go.mod h1:1sLGDUCVA9sXLljAYnUEFEqS9ZOZ0YeSHstHsuEg8Qo=
golang.org/x/crypto v0.0.0-20190308221718-c2843e01d9a2/go.mod h1:djNgcEr1/C05ACkg1iLfiJU5Ep61QUkGW8qpdssI0+w=
golang.org/x/crypto v0.0.0-20200622213623-75b288015ac9/go.mod h1:LzIPMQfyMNhhGPhUkYOs5KpL4U8rLKemX1yGLhDgUto=
golang.org/x/crypto v0.52.0 h1:RMs7fP2rXdep0CftQlK8Uf+kibLm7qkCcradZWYz988=
golang.org/x/crypto v0.52.0/go.mod h1:1QgfPxDqh0T2M/elOJtp9RvuR95kVjir0e6/BvEmGbc=
golang.org/x/net v0.0.0-20190404232315-eb5bcb51f2a3/go.mod h1:t9HGtf8HONx5eT2rtn7q6eTqICYqUVnKs3thJo3Qplg=
golang.org/x/net v0.54.0 h1:2zJIZAxAHV/OHCDTCOHAYehQzLfSXuf/5SoL/Dv6w/w=
golang.org/x/net v0.54.0/go.mod h1:Sj4oj8jK6XmHpBZU/zWHw3BV3abl4Kvi+Ut7cQcY+cQ=
golang.org/x/sys v0.0.0-20190215142949-d0b11bdaac8a/go.mod h1:STP8DvDyc/dI5b8T5hshtkjS+E42TnysNCUPdjciGhY=
golang.org/x/sys v0.0.0-20190412213103-97732733099d/go.mod h1:h1NjWce9XRLGQEsW7wpKNCjG9DtNlClVuFLEZdDNbEs=
golang.org/x/sys v0.45.0 h1:dO4czNzziLiiXplLQgBCEpCvXQ3dnkn0SdaZSYdQ+FY=
golang.org/x/sys v0.45.0/go.mod h1:4GL1E5IUh+htKOUEOaiffhrAeqysfVGipDYzABqnCmw=
golang.org/x/term v0.43.0 h1:S4RLU2sB31O/NCl+zFN9Aru9A/Cq2aqKpTZJ6B+DwT4=
golang.org/x/term v0.43.0/go.mod h1:lrhlHNdQJHO+1qVYiHfFKVuVioJIheAc3fBSMFYEIsk=
golang.org/x/text v0.3.0/go.mod h1:NqM8EUOU14njkJ3fqMW+pc6Ldnwhi/IjpwHt7yyuwOQ=
golang.org/x/text v0.37.0 h1:Cqjiwd9eSg8e0QAkyCaQTNHFIIzWtidPahFWR83rTrc=
golang.org/x/text v0.37.0/go.mod h1:a5sjxXGs9hsn/AJVwuElvCAo9v8QYLzvavO5z2PiM38=
google.golang.org/protobuf v1.36.11 h1:fV6ZwhNocDyBLK0dj+fg8ektcVegBBuEolpbTQyBNVE=
google.golang.org/protobuf v1.36.11/go.mod h1:HTf+CrKn2C3g5S8VImy6tdcUvCska2kB7j23XfzDpco=
